// !$*UTF8*$!
{
	archiveVersion = 1;
	classes = {
	};
	objectVersion = 50;
	objects = {

/* Begin PBXBuildFile section */
		CE16321326D2765700CD3307 /* Color+Pillme.swift in Sources */ = {isa = PBXBuildFile; fileRef = CE16321226D2765700CD3307 /* Color+Pillme.swift */; };
		CE2B1B5926F9B77200AA962E /* LazyView.swift in Sources */ = {isa = PBXBuildFile; fileRef = CE2B1B5826F9B77200AA962E /* LazyView.swift */; };
		CE2B1B5B26FDCB2800AA962E /* MainView.swift in Sources */ = {isa = PBXBuildFile; fileRef = CE2B1B5A26FDCB2800AA962E /* MainView.swift */; };
		CE2B1B5D26FE2C0900AA962E /* NavigationBar.swift in Sources */ = {isa = PBXBuildFile; fileRef = CE2B1B5C26FE2C0900AA962E /* NavigationBar.swift */; };
		CE2B1B5F26FE441B00AA962E /* String+Extension.swift in Sources */ = {isa = PBXBuildFile; fileRef = CE2B1B5E26FE441B00AA962E /* String+Extension.swift */; };
		CE2B1B6126FE44C500AA962E /* Int+Extension.swift in Sources */ = {isa = PBXBuildFile; fileRef = CE2B1B6026FE44C500AA962E /* Int+Extension.swift */; };
		CE3E78E7271F21E6000E29F3 /* PillMeNotificationCenter.swift in Sources */ = {isa = PBXBuildFile; fileRef = CE3E78E6271F21E6000E29F3 /* PillMeNotificationCenter.swift */; };
		CE6A672B270D8C7B00C65BFF /* PillListView.swift in Sources */ = {isa = PBXBuildFile; fileRef = CE6A672A270D8C7B00C65BFF /* PillListView.swift */; };
		CE6A6730270D8EC000C65BFF /* PillMeButton.swift in Sources */ = {isa = PBXBuildFile; fileRef = CE6A672F270D8EC000C65BFF /* PillMeButton.swift */; };
		CE6A6733270D8FEB00C65BFF /* MainViewModel.swift in Sources */ = {isa = PBXBuildFile; fileRef = CE6A6732270D8FEB00C65BFF /* MainViewModel.swift */; };
		CE6A675C27128E6C00C65BFF /* CDPill+CoreDataClass.swift in Sources */ = {isa = PBXBuildFile; fileRef = CE6A675427128E6C00C65BFF /* CDPill+CoreDataClass.swift */; };
		CE6A675D27128E6C00C65BFF /* CDPill+CoreDataProperties.swift in Sources */ = {isa = PBXBuildFile; fileRef = CE6A675527128E6C00C65BFF /* CDPill+CoreDataProperties.swift */; };
		CE6A675E27128E6C00C65BFF /* CDDoseMethod+CoreDataClass.swift in Sources */ = {isa = PBXBuildFile; fileRef = CE6A675627128E6C00C65BFF /* CDDoseMethod+CoreDataClass.swift */; };
		CE6A675F27128E6C00C65BFF /* CDDoseMethod+CoreDataProperties.swift in Sources */ = {isa = PBXBuildFile; fileRef = CE6A675727128E6C00C65BFF /* CDDoseMethod+CoreDataProperties.swift */; };
		CE6A676027128E6C00C65BFF /* CDDoseRecord+CoreDataClass.swift in Sources */ = {isa = PBXBuildFile; fileRef = CE6A675827128E6C00C65BFF /* CDDoseRecord+CoreDataClass.swift */; };
		CE6A676127128E6C00C65BFF /* CDDoseRecord+CoreDataProperties.swift in Sources */ = {isa = PBXBuildFile; fileRef = CE6A675927128E6C00C65BFF /* CDDoseRecord+CoreDataProperties.swift */; };
		CE6A676227128E6C00C65BFF /* CDUser+CoreDataClass.swift in Sources */ = {isa = PBXBuildFile; fileRef = CE6A675A27128E6C00C65BFF /* CDUser+CoreDataClass.swift */; };
		CE6A676327128E6C00C65BFF /* CDUser+CoreDataProperties.swift in Sources */ = {isa = PBXBuildFile; fileRef = CE6A675B27128E6C00C65BFF /* CDUser+CoreDataProperties.swift */; };
		CE6A676727149F4800C65BFF /* SettingView.swift in Sources */ = {isa = PBXBuildFile; fileRef = CE6A676627149F4800C65BFF /* SettingView.swift */; };
		CE822376271A5AA900D9A9D8 /* DoseRecord.swift in Sources */ = {isa = PBXBuildFile; fileRef = CE822375271A5AA900D9A9D8 /* DoseRecord.swift */; };
		CE9D9635270CAA040061BC1A /* DoseMethod.swift in Sources */ = {isa = PBXBuildFile; fileRef = CE9D9634270CAA040061BC1A /* DoseMethod.swift */; };
		CEACDDA626CF87200053A9E1 /* AppDelegate.swift in Sources */ = {isa = PBXBuildFile; fileRef = CEACDDA526CF87200053A9E1 /* AppDelegate.swift */; };
		CEACDDA826CF87200053A9E1 /* SceneDelegate.swift in Sources */ = {isa = PBXBuildFile; fileRef = CEACDDA726CF87200053A9E1 /* SceneDelegate.swift */; };
		CEACDDAA26CF87200053A9E1 /* ContentView.swift in Sources */ = {isa = PBXBuildFile; fileRef = CEACDDA926CF87200053A9E1 /* ContentView.swift */; };
		CEACDDAF26CF87220053A9E1 /* Assets.xcassets in Resources */ = {isa = PBXBuildFile; fileRef = CEACDDAE26CF87220053A9E1 /* Assets.xcassets */; };
		CEACDDB226CF87220053A9E1 /* Preview Assets.xcassets in Resources */ = {isa = PBXBuildFile; fileRef = CEACDDB126CF87220053A9E1 /* Preview Assets.xcassets */; };
		CEACDDB526CF87220053A9E1 /* LaunchScreen.storyboard in Resources */ = {isa = PBXBuildFile; fileRef = CEACDDB326CF87220053A9E1 /* LaunchScreen.storyboard */; };
		CEACDDC026CF87220053A9E1 /* PillmeTests.swift in Sources */ = {isa = PBXBuildFile; fileRef = CEACDDBF26CF87220053A9E1 /* PillmeTests.swift */; };
		CEACDDCB26CF87220053A9E1 /* PillmeUITests.swift in Sources */ = {isa = PBXBuildFile; fileRef = CEACDDCA26CF87220053A9E1 /* PillmeUITests.swift */; };
		CEACDDDC26CF88380053A9E1 /* User.swift in Sources */ = {isa = PBXBuildFile; fileRef = CEACDDDB26CF88380053A9E1 /* User.swift */; };
		CEACDDDE26CF88530053A9E1 /* Pill.swift in Sources */ = {isa = PBXBuildFile; fileRef = CEACDDDD26CF88530053A9E1 /* Pill.swift */; };
		CEACDDE226CF8A2F0053A9E1 /* Pill.xcdatamodeld in Sources */ = {isa = PBXBuildFile; fileRef = CEACDDE026CF8A2F0053A9E1 /* Pill.xcdatamodeld */; };
		CEACDDE426CF93480053A9E1 /* PillInfoView.swift in Sources */ = {isa = PBXBuildFile; fileRef = CEACDDE326CF93480053A9E1 /* PillInfoView.swift */; };
		CEACDDE826CF9CA30053A9E1 /* PillInfoViewModel.swift in Sources */ = {isa = PBXBuildFile; fileRef = CEACDDE726CF9CA30053A9E1 /* PillInfoViewModel.swift */; };
		CEB36B0726D6803500C368C3 /* View+Extension.swift in Sources */ = {isa = PBXBuildFile; fileRef = CEB36B0626D6803500C368C3 /* View+Extension.swift */; };
		CED458E827423CD20042B3AB /* PillInfoCell.swift in Sources */ = {isa = PBXBuildFile; fileRef = CED458E727423CD20042B3AB /* PillInfoCell.swift */; };
		CED458EA27423CFD0042B3AB /* TakePillInfoCell.swift in Sources */ = {isa = PBXBuildFile; fileRef = CED458E927423CFD0042B3AB /* TakePillInfoCell.swift */; };
		CED458EC274260580042B3AB /* DoseSchedule.swift in Sources */ = {isa = PBXBuildFile; fileRef = CED458EB274260580042B3AB /* DoseSchedule.swift */; };
		CED458EF2742B13B0042B3AB /* ScheduleListView.swift in Sources */ = {isa = PBXBuildFile; fileRef = CED458EE2742B13B0042B3AB /* ScheduleListView.swift */; };
		CED458F12743AC8A0042B3AB /* BottomPopup.swift in Sources */ = {isa = PBXBuildFile; fileRef = CED458F02743AC8A0042B3AB /* BottomPopup.swift */; };
		CED458F3274BC7810042B3AB /* Date+Extension.swift in Sources */ = {isa = PBXBuildFile; fileRef = CED458F2274BC7810042B3AB /* Date+Extension.swift */; };
		CED458F5274BE5C00042B3AB /* DoseRecordCalendarView.swift in Sources */ = {isa = PBXBuildFile; fileRef = CED458F4274BE5C00042B3AB /* DoseRecordCalendarView.swift */; };
		CED458F7274CEA4B0042B3AB /* CoreData+Extension.swift in Sources */ = {isa = PBXBuildFile; fileRef = CED458F6274CEA4B0042B3AB /* CoreData+Extension.swift */; };
		CEDF5E5926D7929C0078F6B4 /* CalendarView.swift in Sources */ = {isa = PBXBuildFile; fileRef = CEDF5E5826D7929C0078F6B4 /* CalendarView.swift */; };
		CEE72BB226F0F0490051083E /* PillMeDataStore.swift in Sources */ = {isa = PBXBuildFile; fileRef = CEE72BB126F0F0490051083E /* PillMeDataStore.swift */; };
/* End PBXBuildFile section */

/* Begin PBXContainerItemProxy section */
		CEACDDBC26CF87220053A9E1 /* PBXContainerItemProxy */ = {
			isa = PBXContainerItemProxy;
			containerPortal = CEACDD9A26CF87200053A9E1 /* Project object */;
			proxyType = 1;
			remoteGlobalIDString = CEACDDA126CF87200053A9E1;
			remoteInfo = Pillme;
		};
		CEACDDC726CF87220053A9E1 /* PBXContainerItemProxy */ = {
			isa = PBXContainerItemProxy;
			containerPortal = CEACDD9A26CF87200053A9E1 /* Project object */;
			proxyType = 1;
			remoteGlobalIDString = CEACDDA126CF87200053A9E1;
			remoteInfo = Pillme;
		};
/* End PBXContainerItemProxy section */

/* Begin PBXFileReference section */
		CE16321226D2765700CD3307 /* Color+Pillme.swift */ = {isa = PBXFileReference; lastKnownFileType = sourcecode.swift; path = "Color+Pillme.swift"; sourceTree = "<group>"; };
		CE2B1B5826F9B77200AA962E /* LazyView.swift */ = {isa = PBXFileReference; lastKnownFileType = sourcecode.swift; path = LazyView.swift; sourceTree = "<group>"; };
		CE2B1B5A26FDCB2800AA962E /* MainView.swift */ = {isa = PBXFileReference; lastKnownFileType = sourcecode.swift; path = MainView.swift; sourceTree = "<group>"; };
		CE2B1B5C26FE2C0900AA962E /* NavigationBar.swift */ = {isa = PBXFileReference; lastKnownFileType = sourcecode.swift; path = NavigationBar.swift; sourceTree = "<group>"; };
		CE2B1B5E26FE441B00AA962E /* String+Extension.swift */ = {isa = PBXFileReference; lastKnownFileType = sourcecode.swift; path = "String+Extension.swift"; sourceTree = "<group>"; };
		CE2B1B6026FE44C500AA962E /* Int+Extension.swift */ = {isa = PBXFileReference; lastKnownFileType = sourcecode.swift; path = "Int+Extension.swift"; sourceTree = "<group>"; };
		CE3E78E6271F21E6000E29F3 /* PillMeNotificationCenter.swift */ = {isa = PBXFileReference; lastKnownFileType = sourcecode.swift; path = PillMeNotificationCenter.swift; sourceTree = "<group>"; };
		CE6A672A270D8C7B00C65BFF /* PillListView.swift */ = {isa = PBXFileReference; lastKnownFileType = sourcecode.swift; path = PillListView.swift; sourceTree = "<group>"; };
		CE6A672F270D8EC000C65BFF /* PillMeButton.swift */ = {isa = PBXFileReference; lastKnownFileType = sourcecode.swift; path = PillMeButton.swift; sourceTree = "<group>"; };
		CE6A6732270D8FEB00C65BFF /* MainViewModel.swift */ = {isa = PBXFileReference; lastKnownFileType = sourcecode.swift; path = MainViewModel.swift; sourceTree = "<group>"; };
		CE6A675427128E6C00C65BFF /* CDPill+CoreDataClass.swift */ = {isa = PBXFileReference; lastKnownFileType = sourcecode.swift; path = "CDPill+CoreDataClass.swift"; sourceTree = "<group>"; };
		CE6A675527128E6C00C65BFF /* CDPill+CoreDataProperties.swift */ = {isa = PBXFileReference; lastKnownFileType = sourcecode.swift; path = "CDPill+CoreDataProperties.swift"; sourceTree = "<group>"; };
		CE6A675627128E6C00C65BFF /* CDDoseMethod+CoreDataClass.swift */ = {isa = PBXFileReference; lastKnownFileType = sourcecode.swift; path = "CDDoseMethod+CoreDataClass.swift"; sourceTree = "<group>"; };
		CE6A675727128E6C00C65BFF /* CDDoseMethod+CoreDataProperties.swift */ = {isa = PBXFileReference; lastKnownFileType = sourcecode.swift; path = "CDDoseMethod+CoreDataProperties.swift"; sourceTree = "<group>"; };
		CE6A675827128E6C00C65BFF /* CDDoseRecord+CoreDataClass.swift */ = {isa = PBXFileReference; lastKnownFileType = sourcecode.swift; path = "CDDoseRecord+CoreDataClass.swift"; sourceTree = "<group>"; };
		CE6A675927128E6C00C65BFF /* CDDoseRecord+CoreDataProperties.swift */ = {isa = PBXFileReference; lastKnownFileType = sourcecode.swift; path = "CDDoseRecord+CoreDataProperties.swift"; sourceTree = "<group>"; };
		CE6A675A27128E6C00C65BFF /* CDUser+CoreDataClass.swift */ = {isa = PBXFileReference; lastKnownFileType = sourcecode.swift; path = "CDUser+CoreDataClass.swift"; sourceTree = "<group>"; };
		CE6A675B27128E6C00C65BFF /* CDUser+CoreDataProperties.swift */ = {isa = PBXFileReference; lastKnownFileType = sourcecode.swift; path = "CDUser+CoreDataProperties.swift"; sourceTree = "<group>"; };
		CE6A676627149F4800C65BFF /* SettingView.swift */ = {isa = PBXFileReference; lastKnownFileType = sourcecode.swift; path = SettingView.swift; sourceTree = "<group>"; };
		CE822375271A5AA900D9A9D8 /* DoseRecord.swift */ = {isa = PBXFileReference; lastKnownFileType = sourcecode.swift; path = DoseRecord.swift; sourceTree = "<group>"; };
		CE9D9634270CAA040061BC1A /* DoseMethod.swift */ = {isa = PBXFileReference; lastKnownFileType = sourcecode.swift; path = DoseMethod.swift; sourceTree = "<group>"; };
		CEACDDA226CF87200053A9E1 /* Pillme.app */ = {isa = PBXFileReference; explicitFileType = wrapper.application; includeInIndex = 0; path = Pillme.app; sourceTree = BUILT_PRODUCTS_DIR; };
		CEACDDA526CF87200053A9E1 /* AppDelegate.swift */ = {isa = PBXFileReference; lastKnownFileType = sourcecode.swift; path = AppDelegate.swift; sourceTree = "<group>"; };
		CEACDDA726CF87200053A9E1 /* SceneDelegate.swift */ = {isa = PBXFileReference; lastKnownFileType = sourcecode.swift; path = SceneDelegate.swift; sourceTree = "<group>"; };
		CEACDDA926CF87200053A9E1 /* ContentView.swift */ = {isa = PBXFileReference; lastKnownFileType = sourcecode.swift; path = ContentView.swift; sourceTree = "<group>"; };
		CEACDDAE26CF87220053A9E1 /* Assets.xcassets */ = {isa = PBXFileReference; lastKnownFileType = folder.assetcatalog; path = Assets.xcassets; sourceTree = "<group>"; };
		CEACDDB126CF87220053A9E1 /* Preview Assets.xcassets */ = {isa = PBXFileReference; lastKnownFileType = folder.assetcatalog; path = "Preview Assets.xcassets"; sourceTree = "<group>"; };
		CEACDDB426CF87220053A9E1 /* Base */ = {isa = PBXFileReference; lastKnownFileType = file.storyboard; name = Base; path = Base.lproj/LaunchScreen.storyboard; sourceTree = "<group>"; };
		CEACDDB626CF87220053A9E1 /* Info.plist */ = {isa = PBXFileReference; lastKnownFileType = text.plist.xml; path = Info.plist; sourceTree = "<group>"; };
		CEACDDBB26CF87220053A9E1 /* PillmeTests.xctest */ = {isa = PBXFileReference; explicitFileType = wrapper.cfbundle; includeInIndex = 0; path = PillmeTests.xctest; sourceTree = BUILT_PRODUCTS_DIR; };
		CEACDDBF26CF87220053A9E1 /* PillmeTests.swift */ = {isa = PBXFileReference; lastKnownFileType = sourcecode.swift; path = PillmeTests.swift; sourceTree = "<group>"; };
		CEACDDC126CF87220053A9E1 /* Info.plist */ = {isa = PBXFileReference; lastKnownFileType = text.plist.xml; path = Info.plist; sourceTree = "<group>"; };
		CEACDDC626CF87220053A9E1 /* PillmeUITests.xctest */ = {isa = PBXFileReference; explicitFileType = wrapper.cfbundle; includeInIndex = 0; path = PillmeUITests.xctest; sourceTree = BUILT_PRODUCTS_DIR; };
		CEACDDCA26CF87220053A9E1 /* PillmeUITests.swift */ = {isa = PBXFileReference; lastKnownFileType = sourcecode.swift; path = PillmeUITests.swift; sourceTree = "<group>"; };
		CEACDDCC26CF87220053A9E1 /* Info.plist */ = {isa = PBXFileReference; lastKnownFileType = text.plist.xml; path = Info.plist; sourceTree = "<group>"; };
		CEACDDDB26CF88380053A9E1 /* User.swift */ = {isa = PBXFileReference; lastKnownFileType = sourcecode.swift; path = User.swift; sourceTree = "<group>"; };
		CEACDDDD26CF88530053A9E1 /* Pill.swift */ = {isa = PBXFileReference; lastKnownFileType = sourcecode.swift; path = Pill.swift; sourceTree = "<group>"; };
		CEACDDE126CF8A2F0053A9E1 /* Pill.xcdatamodel */ = {isa = PBXFileReference; lastKnownFileType = wrapper.xcdatamodel; path = Pill.xcdatamodel; sourceTree = "<group>"; };
		CEACDDE326CF93480053A9E1 /* PillInfoView.swift */ = {isa = PBXFileReference; lastKnownFileType = sourcecode.swift; path = PillInfoView.swift; sourceTree = "<group>"; };
		CEACDDE726CF9CA30053A9E1 /* PillInfoViewModel.swift */ = {isa = PBXFileReference; lastKnownFileType = sourcecode.swift; path = PillInfoViewModel.swift; sourceTree = "<group>"; };
		CEB36B0626D6803500C368C3 /* View+Extension.swift */ = {isa = PBXFileReference; lastKnownFileType = sourcecode.swift; path = "View+Extension.swift"; sourceTree = "<group>"; };
		CED458E727423CD20042B3AB /* PillInfoCell.swift */ = {isa = PBXFileReference; lastKnownFileType = sourcecode.swift; path = PillInfoCell.swift; sourceTree = "<group>"; };
		CED458E927423CFD0042B3AB /* TakePillInfoCell.swift */ = {isa = PBXFileReference; lastKnownFileType = sourcecode.swift; path = TakePillInfoCell.swift; sourceTree = "<group>"; };
		CED458EB274260580042B3AB /* DoseSchedule.swift */ = {isa = PBXFileReference; lastKnownFileType = sourcecode.swift; path = DoseSchedule.swift; sourceTree = "<group>"; };
		CED458EE2742B13B0042B3AB /* ScheduleListView.swift */ = {isa = PBXFileReference; lastKnownFileType = sourcecode.swift; path = ScheduleListView.swift; sourceTree = "<group>"; };
		CED458F02743AC8A0042B3AB /* BottomPopup.swift */ = {isa = PBXFileReference; lastKnownFileType = sourcecode.swift; path = BottomPopup.swift; sourceTree = "<group>"; };
		CED458F2274BC7810042B3AB /* Date+Extension.swift */ = {isa = PBXFileReference; lastKnownFileType = sourcecode.swift; path = "Date+Extension.swift"; sourceTree = "<group>"; };
		CED458F4274BE5C00042B3AB /* DoseRecordCalendarView.swift */ = {isa = PBXFileReference; lastKnownFileType = sourcecode.swift; path = DoseRecordCalendarView.swift; sourceTree = "<group>"; };
		CED458F6274CEA4B0042B3AB /* CoreData+Extension.swift */ = {isa = PBXFileReference; lastKnownFileType = sourcecode.swift; path = "CoreData+Extension.swift"; sourceTree = "<group>"; };
		CEDF5E5826D7929C0078F6B4 /* CalendarView.swift */ = {isa = PBXFileReference; lastKnownFileType = sourcecode.swift; path = CalendarView.swift; sourceTree = "<group>"; };
		CEE72BB126F0F0490051083E /* PillMeDataStore.swift */ = {isa = PBXFileReference; lastKnownFileType = sourcecode.swift; path = PillMeDataStore.swift; sourceTree = "<group>"; };
/* End PBXFileReference section */

/* Begin PBXFrameworksBuildPhase section */
		CEACDD9F26CF87200053A9E1 /* Frameworks */ = {
			isa = PBXFrameworksBuildPhase;
			buildActionMask = 2147483647;
			files = (
			);
			runOnlyForDeploymentPostprocessing = 0;
		};
		CEACDDB826CF87220053A9E1 /* Frameworks */ = {
			isa = PBXFrameworksBuildPhase;
			buildActionMask = 2147483647;
			files = (
			);
			runOnlyForDeploymentPostprocessing = 0;
		};
		CEACDDC326CF87220053A9E1 /* Frameworks */ = {
			isa = PBXFrameworksBuildPhase;
			buildActionMask = 2147483647;
			files = (
			);
			runOnlyForDeploymentPostprocessing = 0;
		};
/* End PBXFrameworksBuildPhase section */

/* Begin PBXGroup section */
		CE16321126D0EC1300CD3307 /* PillInfoView */ = {
			isa = PBXGroup;
			children = (
				CEACDDE726CF9CA30053A9E1 /* PillInfoViewModel.swift */,
				CEACDDE326CF93480053A9E1 /* PillInfoView.swift */,
			);
			path = PillInfoView;
			sourceTree = "<group>";
		};
		CE2B1B5726F9B66700AA962E /* Common */ = {
			isa = PBXGroup;
			children = (
				CE16321226D2765700CD3307 /* Color+Pillme.swift */,
				CEB36B0626D6803500C368C3 /* View+Extension.swift */,
				CE2B1B5E26FE441B00AA962E /* String+Extension.swift */,
				CE2B1B6026FE44C500AA962E /* Int+Extension.swift */,
				CED458F2274BC7810042B3AB /* Date+Extension.swift */,
			);
			path = Common;
			sourceTree = "<group>";
		};
		CE6A6729270D8C4400C65BFF /* PillListView */ = {
			isa = PBXGroup;
			children = (
				CE6A672A270D8C7B00C65BFF /* PillListView.swift */,
			);
			path = PillListView;
			sourceTree = "<group>";
		};
		CE6A6731270D8FCD00C65BFF /* MainView */ = {
			isa = PBXGroup;
			children = (
				CE2B1B5A26FDCB2800AA962E /* MainView.swift */,
				CE6A6732270D8FEB00C65BFF /* MainViewModel.swift */,
			);
			path = MainView;
			sourceTree = "<group>";
		};
		CE6A676527149E9B00C65BFF /* SettingView */ = {
			isa = PBXGroup;
			children = (
				CE6A676627149F4800C65BFF /* SettingView.swift */,
			);
			path = SettingView;
			sourceTree = "<group>";
		};
		CEACDD9926CF87200053A9E1 = {
			isa = PBXGroup;
			children = (
				CEACDDA426CF87200053A9E1 /* Pillme */,
				CEACDDBE26CF87220053A9E1 /* PillmeTests */,
				CEACDDC926CF87220053A9E1 /* PillmeUITests */,
				CEACDDA326CF87200053A9E1 /* Products */,
			);
			sourceTree = "<group>";
		};
		CEACDDA326CF87200053A9E1 /* Products */ = {
			isa = PBXGroup;
			children = (
				CEACDDA226CF87200053A9E1 /* Pillme.app */,
				CEACDDBB26CF87220053A9E1 /* PillmeTests.xctest */,
				CEACDDC626CF87220053A9E1 /* PillmeUITests.xctest */,
			);
			name = Products;
			sourceTree = "<group>";
		};
		CEACDDA426CF87200053A9E1 /* Pillme */ = {
			isa = PBXGroup;
			children = (
				CE2B1B5726F9B66700AA962E /* Common */,
				CEACDDDF26CF8A1E0053A9E1 /* CoreData */,
				CEACDDDA26CF88290053A9E1 /* Model */,
				CEACDDD826CF87F70053A9E1 /* View */,
				CEACDDA526CF87200053A9E1 /* AppDelegate.swift */,
				CEACDDA726CF87200053A9E1 /* SceneDelegate.swift */,
				CEACDDA926CF87200053A9E1 /* ContentView.swift */,
				CEACDDAE26CF87220053A9E1 /* Assets.xcassets */,
				CEACDDB326CF87220053A9E1 /* LaunchScreen.storyboard */,
				CEACDDB626CF87220053A9E1 /* Info.plist */,
				CEACDDB026CF87220053A9E1 /* Preview Content */,
				CE3E78E6271F21E6000E29F3 /* PillMeNotificationCenter.swift */,
			);
			path = Pillme;
			sourceTree = "<group>";
		};
		CEACDDB026CF87220053A9E1 /* Preview Content */ = {
			isa = PBXGroup;
			children = (
				CEACDDB126CF87220053A9E1 /* Preview Assets.xcassets */,
			);
			path = "Preview Content";
			sourceTree = "<group>";
		};
		CEACDDBE26CF87220053A9E1 /* PillmeTests */ = {
			isa = PBXGroup;
			children = (
				CEACDDBF26CF87220053A9E1 /* PillmeTests.swift */,
				CEACDDC126CF87220053A9E1 /* Info.plist */,
			);
			path = PillmeTests;
			sourceTree = "<group>";
		};
		CEACDDC926CF87220053A9E1 /* PillmeUITests */ = {
			isa = PBXGroup;
			children = (
				CEACDDCA26CF87220053A9E1 /* PillmeUITests.swift */,
				CEACDDCC26CF87220053A9E1 /* Info.plist */,
			);
			path = PillmeUITests;
			sourceTree = "<group>";
		};
		CEACDDD826CF87F70053A9E1 /* View */ = {
			isa = PBXGroup;
			children = (
				CED458ED2742B1270042B3AB /* ScheduleListView */,
				CED458E627423CBD0042B3AB /* CommonCell */,
				CE6A676527149E9B00C65BFF /* SettingView */,
				CE6A6731270D8FCD00C65BFF /* MainView */,
				CE6A6729270D8C4400C65BFF /* PillListView */,
				CEDF5E5726D7928F0078F6B4 /* CalendarView */,
				CE16321126D0EC1300CD3307 /* PillInfoView */,
				CE2B1B5826F9B77200AA962E /* LazyView.swift */,
				CE2B1B5C26FE2C0900AA962E /* NavigationBar.swift */,
				CE6A672F270D8EC000C65BFF /* PillMeButton.swift */,
				CED458F02743AC8A0042B3AB /* BottomPopup.swift */,
				CED458F4274BE5C00042B3AB /* DoseRecordCalendarView.swift */,
			);
			path = View;
			sourceTree = "<group>";
		};
		CEACDDDA26CF88290053A9E1 /* Model */ = {
			isa = PBXGroup;
			children = (
				CEACDDDB26CF88380053A9E1 /* User.swift */,
				CEACDDDD26CF88530053A9E1 /* Pill.swift */,
				CE9D9634270CAA040061BC1A /* DoseMethod.swift */,
				CE822375271A5AA900D9A9D8 /* DoseRecord.swift */,
				CED458EB274260580042B3AB /* DoseSchedule.swift */,
			);
			path = Model;
			sourceTree = "<group>";
		};
		CEACDDDF26CF8A1E0053A9E1 /* CoreData */ = {
			isa = PBXGroup;
			children = (
				CEACDDE026CF8A2F0053A9E1 /* Pill.xcdatamodeld */,
				CE6A675427128E6C00C65BFF /* CDPill+CoreDataClass.swift */,
				CE6A675527128E6C00C65BFF /* CDPill+CoreDataProperties.swift */,
				CE6A675627128E6C00C65BFF /* CDDoseMethod+CoreDataClass.swift */,
				CE6A675727128E6C00C65BFF /* CDDoseMethod+CoreDataProperties.swift */,
				CE6A675827128E6C00C65BFF /* CDDoseRecord+CoreDataClass.swift */,
				CE6A675927128E6C00C65BFF /* CDDoseRecord+CoreDataProperties.swift */,
				CE6A675A27128E6C00C65BFF /* CDUser+CoreDataClass.swift */,
				CE6A675B27128E6C00C65BFF /* CDUser+CoreDataProperties.swift */,
				CEE72BB126F0F0490051083E /* PillMeDataStore.swift */,
				CED458F6274CEA4B0042B3AB /* CoreData+Extension.swift */,
			);
			path = CoreData;
			sourceTree = "<group>";
		};
		CED458E627423CBD0042B3AB /* CommonCell */ = {
			isa = PBXGroup;
			children = (
				CED458E727423CD20042B3AB /* PillInfoCell.swift */,
				CED458E927423CFD0042B3AB /* TakePillInfoCell.swift */,
			);
			path = CommonCell;
			sourceTree = "<group>";
		};
		CED458ED2742B1270042B3AB /* ScheduleListView */ = {
			isa = PBXGroup;
			children = (
				CED458EE2742B13B0042B3AB /* ScheduleListView.swift */,
			);
			path = ScheduleListView;
			sourceTree = "<group>";
		};
		CEDF5E5726D7928F0078F6B4 /* CalendarView */ = {
			isa = PBXGroup;
			children = (
				CEDF5E5826D7929C0078F6B4 /* CalendarView.swift */,
			);
			path = CalendarView;
			sourceTree = "<group>";
		};
/* End PBXGroup section */

/* Begin PBXNativeTarget section */
		CEACDDA126CF87200053A9E1 /* Pillme */ = {
			isa = PBXNativeTarget;
			buildConfigurationList = CEACDDCF26CF87220053A9E1 /* Build configuration list for PBXNativeTarget "Pillme" */;
			buildPhases = (
				CEACDD9E26CF87200053A9E1 /* Sources */,
				CEACDD9F26CF87200053A9E1 /* Frameworks */,
				CEACDDA026CF87200053A9E1 /* Resources */,
			);
			buildRules = (
			);
			dependencies = (
			);
			name = Pillme;
			productName = Pillme;
			productReference = CEACDDA226CF87200053A9E1 /* Pillme.app */;
			productType = "com.apple.product-type.application";
		};
		CEACDDBA26CF87220053A9E1 /* PillmeTests */ = {
			isa = PBXNativeTarget;
			buildConfigurationList = CEACDDD226CF87220053A9E1 /* Build configuration list for PBXNativeTarget "PillmeTests" */;
			buildPhases = (
				CEACDDB726CF87220053A9E1 /* Sources */,
				CEACDDB826CF87220053A9E1 /* Frameworks */,
				CEACDDB926CF87220053A9E1 /* Resources */,
			);
			buildRules = (
			);
			dependencies = (
				CEACDDBD26CF87220053A9E1 /* PBXTargetDependency */,
			);
			name = PillmeTests;
			productName = PillmeTests;
			productReference = CEACDDBB26CF87220053A9E1 /* PillmeTests.xctest */;
			productType = "com.apple.product-type.bundle.unit-test";
		};
		CEACDDC526CF87220053A9E1 /* PillmeUITests */ = {
			isa = PBXNativeTarget;
			buildConfigurationList = CEACDDD526CF87220053A9E1 /* Build configuration list for PBXNativeTarget "PillmeUITests" */;
			buildPhases = (
				CEACDDC226CF87220053A9E1 /* Sources */,
				CEACDDC326CF87220053A9E1 /* Frameworks */,
				CEACDDC426CF87220053A9E1 /* Resources */,
			);
			buildRules = (
			);
			dependencies = (
				CEACDDC826CF87220053A9E1 /* PBXTargetDependency */,
			);
			name = PillmeUITests;
			productName = PillmeUITests;
			productReference = CEACDDC626CF87220053A9E1 /* PillmeUITests.xctest */;
			productType = "com.apple.product-type.bundle.ui-testing";
		};
/* End PBXNativeTarget section */

/* Begin PBXProject section */
		CEACDD9A26CF87200053A9E1 /* Project object */ = {
			isa = PBXProject;
			attributes = {
				LastSwiftUpdateCheck = 1250;
				LastUpgradeCheck = 1250;
				TargetAttributes = {
					CEACDDA126CF87200053A9E1 = {
						CreatedOnToolsVersion = 12.5;
					};
					CEACDDBA26CF87220053A9E1 = {
						CreatedOnToolsVersion = 12.5;
						TestTargetID = CEACDDA126CF87200053A9E1;
					};
					CEACDDC526CF87220053A9E1 = {
						CreatedOnToolsVersion = 12.5;
						TestTargetID = CEACDDA126CF87200053A9E1;
					};
				};
			};
			buildConfigurationList = CEACDD9D26CF87200053A9E1 /* Build configuration list for PBXProject "Pillme" */;
			compatibilityVersion = "Xcode 9.3";
			developmentRegion = en;
			hasScannedForEncodings = 0;
			knownRegions = (
				en,
				Base,
			);
			mainGroup = CEACDD9926CF87200053A9E1;
			productRefGroup = CEACDDA326CF87200053A9E1 /* Products */;
			projectDirPath = "";
			projectRoot = "";
			targets = (
				CEACDDA126CF87200053A9E1 /* Pillme */,
				CEACDDBA26CF87220053A9E1 /* PillmeTests */,
				CEACDDC526CF87220053A9E1 /* PillmeUITests */,
			);
		};
/* End PBXProject section */

/* Begin PBXResourcesBuildPhase section */
		CEACDDA026CF87200053A9E1 /* Resources */ = {
			isa = PBXResourcesBuildPhase;
			buildActionMask = 2147483647;
			files = (
				CEACDDB526CF87220053A9E1 /* LaunchScreen.storyboard in Resources */,
				CEACDDB226CF87220053A9E1 /* Preview Assets.xcassets in Resources */,
				CEACDDAF26CF87220053A9E1 /* Assets.xcassets in Resources */,
			);
			runOnlyForDeploymentPostprocessing = 0;
		};
		CEACDDB926CF87220053A9E1 /* Resources */ = {
			isa = PBXResourcesBuildPhase;
			buildActionMask = 2147483647;
			files = (
			);
			runOnlyForDeploymentPostprocessing = 0;
		};
		CEACDDC426CF87220053A9E1 /* Resources */ = {
			isa = PBXResourcesBuildPhase;
			buildActionMask = 2147483647;
			files = (
			);
			runOnlyForDeploymentPostprocessing = 0;
		};
/* End PBXResourcesBuildPhase section */

/* Begin PBXSourcesBuildPhase section */
		CEACDD9E26CF87200053A9E1 /* Sources */ = {
			isa = PBXSourcesBuildPhase;
			buildActionMask = 2147483647;
			files = (
				CE16321326D2765700CD3307 /* Color+Pillme.swift in Sources */,
				CE6A675E27128E6C00C65BFF /* CDDoseMethod+CoreDataClass.swift in Sources */,
				CEACDDA626CF87200053A9E1 /* AppDelegate.swift in Sources */,
				CED458EA27423CFD0042B3AB /* TakePillInfoCell.swift in Sources */,
				CEACDDE426CF93480053A9E1 /* PillInfoView.swift in Sources */,
				CE3E78E7271F21E6000E29F3 /* PillMeNotificationCenter.swift in Sources */,
				CE2B1B6126FE44C500AA962E /* Int+Extension.swift in Sources */,
				CE6A672B270D8C7B00C65BFF /* PillListView.swift in Sources */,
				CE6A676227128E6C00C65BFF /* CDUser+CoreDataClass.swift in Sources */,
				CED458EF2742B13B0042B3AB /* ScheduleListView.swift in Sources */,
				CE2B1B5D26FE2C0900AA962E /* NavigationBar.swift in Sources */,
				CEACDDA826CF87200053A9E1 /* SceneDelegate.swift in Sources */,
				CE6A675C27128E6C00C65BFF /* CDPill+CoreDataClass.swift in Sources */,
				CEE72BB226F0F0490051083E /* PillMeDataStore.swift in Sources */,
				CED458F7274CEA4B0042B3AB /* CoreData+Extension.swift in Sources */,
				CEACDDDE26CF88530053A9E1 /* Pill.swift in Sources */,
				CE2B1B5926F9B77200AA962E /* LazyView.swift in Sources */,
				CED458F3274BC7810042B3AB /* Date+Extension.swift in Sources */,
				CE2B1B5F26FE441B00AA962E /* String+Extension.swift in Sources */,
				CED458EC274260580042B3AB /* DoseSchedule.swift in Sources */,
				CE6A676027128E6C00C65BFF /* CDDoseRecord+CoreDataClass.swift in Sources */,
				CED458E827423CD20042B3AB /* PillInfoCell.swift in Sources */,
				CE6A6730270D8EC000C65BFF /* PillMeButton.swift in Sources */,
				CEACDDE826CF9CA30053A9E1 /* PillInfoViewModel.swift in Sources */,
				CE822376271A5AA900D9A9D8 /* DoseRecord.swift in Sources */,
				CED458F5274BE5C00042B3AB /* DoseRecordCalendarView.swift in Sources */,
				CE6A675D27128E6C00C65BFF /* CDPill+CoreDataProperties.swift in Sources */,
				CE9D9635270CAA040061BC1A /* DoseMethod.swift in Sources */,
				CEDF5E5926D7929C0078F6B4 /* CalendarView.swift in Sources */,
				CE6A676327128E6C00C65BFF /* CDUser+CoreDataProperties.swift in Sources */,
				CE6A676727149F4800C65BFF /* SettingView.swift in Sources */,
				CE6A676127128E6C00C65BFF /* CDDoseRecord+CoreDataProperties.swift in Sources */,
				CEACDDE226CF8A2F0053A9E1 /* Pill.xcdatamodeld in Sources */,
				CEB36B0726D6803500C368C3 /* View+Extension.swift in Sources */,
				CEACDDDC26CF88380053A9E1 /* User.swift in Sources */,
				CED458F12743AC8A0042B3AB /* BottomPopup.swift in Sources */,
				CE2B1B5B26FDCB2800AA962E /* MainView.swift in Sources */,
				CEACDDAA26CF87200053A9E1 /* ContentView.swift in Sources */,
				CE6A675F27128E6C00C65BFF /* CDDoseMethod+CoreDataProperties.swift in Sources */,
				CE6A6733270D8FEB00C65BFF /* MainViewModel.swift in Sources */,
			);
			runOnlyForDeploymentPostprocessing = 0;
		};
		CEACDDB726CF87220053A9E1 /* Sources */ = {
			isa = PBXSourcesBuildPhase;
			buildActionMask = 2147483647;
			files = (
				CEACDDC026CF87220053A9E1 /* PillmeTests.swift in Sources */,
			);
			runOnlyForDeploymentPostprocessing = 0;
		};
		CEACDDC226CF87220053A9E1 /* Sources */ = {
			isa = PBXSourcesBuildPhase;
			buildActionMask = 2147483647;
			files = (
				CEACDDCB26CF87220053A9E1 /* PillmeUITests.swift in Sources */,
			);
			runOnlyForDeploymentPostprocessing = 0;
		};
/* End PBXSourcesBuildPhase section */

/* Begin PBXTargetDependency section */
		CEACDDBD26CF87220053A9E1 /* PBXTargetDependency */ = {
			isa = PBXTargetDependency;
			target = CEACDDA126CF87200053A9E1 /* Pillme */;
			targetProxy = CEACDDBC26CF87220053A9E1 /* PBXContainerItemProxy */;
		};
		CEACDDC826CF87220053A9E1 /* PBXTargetDependency */ = {
			isa = PBXTargetDependency;
			target = CEACDDA126CF87200053A9E1 /* Pillme */;
			targetProxy = CEACDDC726CF87220053A9E1 /* PBXContainerItemProxy */;
		};
/* End PBXTargetDependency section */

/* Begin PBXVariantGroup section */
		CEACDDB326CF87220053A9E1 /* LaunchScreen.storyboard */ = {
			isa = PBXVariantGroup;
			children = (
				CEACDDB426CF87220053A9E1 /* Base */,
			);
			name = LaunchScreen.storyboard;
			sourceTree = "<group>";
		};
/* End PBXVariantGroup section */

/* Begin XCBuildConfiguration section */
		CEACDDCD26CF87220053A9E1 /* Debug */ = {
			isa = XCBuildConfiguration;
			buildSettings = {
				ALWAYS_SEARCH_USER_PATHS = NO;
				CLANG_ANALYZER_NONNULL = YES;
				CLANG_ANALYZER_NUMBER_OBJECT_CONVERSION = YES_AGGRESSIVE;
				CLANG_CXX_LANGUAGE_STANDARD = "gnu++14";
				CLANG_CXX_LIBRARY = "libc++";
				CLANG_ENABLE_MODULES = YES;
				CLANG_ENABLE_OBJC_ARC = YES;
				CLANG_ENABLE_OBJC_WEAK = YES;
				CLANG_WARN_BLOCK_CAPTURE_AUTORELEASING = YES;
				CLANG_WARN_BOOL_CONVERSION = YES;
				CLANG_WARN_COMMA = YES;
				CLANG_WARN_CONSTANT_CONVERSION = YES;
				CLANG_WARN_DEPRECATED_OBJC_IMPLEMENTATIONS = YES;
				CLANG_WARN_DIRECT_OBJC_ISA_USAGE = YES_ERROR;
				CLANG_WARN_DOCUMENTATION_COMMENTS = YES;
				CLANG_WARN_EMPTY_BODY = YES;
				CLANG_WARN_ENUM_CONVERSION = YES;
				CLANG_WARN_INFINITE_RECURSION = YES;
				CLANG_WARN_INT_CONVERSION = YES;
				CLANG_WARN_NON_LITERAL_NULL_CONVERSION = YES;
				CLANG_WARN_OBJC_IMPLICIT_RETAIN_SELF = YES;
				CLANG_WARN_OBJC_LITERAL_CONVERSION = YES;
				CLANG_WARN_OBJC_ROOT_CLASS = YES_ERROR;
				CLANG_WARN_QUOTED_INCLUDE_IN_FRAMEWORK_HEADER = YES;
				CLANG_WARN_RANGE_LOOP_ANALYSIS = YES;
				CLANG_WARN_STRICT_PROTOTYPES = YES;
				CLANG_WARN_SUSPICIOUS_MOVE = YES;
				CLANG_WARN_UNGUARDED_AVAILABILITY = YES_AGGRESSIVE;
				CLANG_WARN_UNREACHABLE_CODE = YES;
				CLANG_WARN__DUPLICATE_METHOD_MATCH = YES;
				COPY_PHASE_STRIP = NO;
				DEBUG_INFORMATION_FORMAT = dwarf;
				ENABLE_STRICT_OBJC_MSGSEND = YES;
				ENABLE_TESTABILITY = YES;
				GCC_C_LANGUAGE_STANDARD = gnu11;
				GCC_DYNAMIC_NO_PIC = NO;
				GCC_NO_COMMON_BLOCKS = YES;
				GCC_OPTIMIZATION_LEVEL = 0;
				GCC_PREPROCESSOR_DEFINITIONS = (
					"DEBUG=1",
					"$(inherited)",
				);
				GCC_WARN_64_TO_32_BIT_CONVERSION = YES;
				GCC_WARN_ABOUT_RETURN_TYPE = YES_ERROR;
				GCC_WARN_UNDECLARED_SELECTOR = YES;
				GCC_WARN_UNINITIALIZED_AUTOS = YES_AGGRESSIVE;
				GCC_WARN_UNUSED_FUNCTION = YES;
				GCC_WARN_UNUSED_VARIABLE = YES;
				IPHONEOS_DEPLOYMENT_TARGET = 15.0;
				MTL_ENABLE_DEBUG_INFO = INCLUDE_SOURCE;
				MTL_FAST_MATH = YES;
				ONLY_ACTIVE_ARCH = YES;
				SDKROOT = iphoneos;
				SWIFT_ACTIVE_COMPILATION_CONDITIONS = DEBUG;
				SWIFT_OPTIMIZATION_LEVEL = "-Onone";
			};
			name = Debug;
		};
		CEACDDCE26CF87220053A9E1 /* Release */ = {
			isa = XCBuildConfiguration;
			buildSettings = {
				ALWAYS_SEARCH_USER_PATHS = NO;
				CLANG_ANALYZER_NONNULL = YES;
				CLANG_ANALYZER_NUMBER_OBJECT_CONVERSION = YES_AGGRESSIVE;
				CLANG_CXX_LANGUAGE_STANDARD = "gnu++14";
				CLANG_CXX_LIBRARY = "libc++";
				CLANG_ENABLE_MODULES = YES;
				CLANG_ENABLE_OBJC_ARC = YES;
				CLANG_ENABLE_OBJC_WEAK = YES;
				CLANG_WARN_BLOCK_CAPTURE_AUTORELEASING = YES;
				CLANG_WARN_BOOL_CONVERSION = YES;
				CLANG_WARN_COMMA = YES;
				CLANG_WARN_CONSTANT_CONVERSION = YES;
				CLANG_WARN_DEPRECATED_OBJC_IMPLEMENTATIONS = YES;
				CLANG_WARN_DIRECT_OBJC_ISA_USAGE = YES_ERROR;
				CLANG_WARN_DOCUMENTATION_COMMENTS = YES;
				CLANG_WARN_EMPTY_BODY = YES;
				CLANG_WARN_ENUM_CONVERSION = YES;
				CLANG_WARN_INFINITE_RECURSION = YES;
				CLANG_WARN_INT_CONVERSION = YES;
				CLANG_WARN_NON_LITERAL_NULL_CONVERSION = YES;
				CLANG_WARN_OBJC_IMPLICIT_RETAIN_SELF = YES;
				CLANG_WARN_OBJC_LITERAL_CONVERSION = YES;
				CLANG_WARN_OBJC_ROOT_CLASS = YES_ERROR;
				CLANG_WARN_QUOTED_INCLUDE_IN_FRAMEWORK_HEADER = YES;
				CLANG_WARN_RANGE_LOOP_ANALYSIS = YES;
				CLANG_WARN_STRICT_PROTOTYPES = YES;
				CLANG_WARN_SUSPICIOUS_MOVE = YES;
				CLANG_WARN_UNGUARDED_AVAILABILITY = YES_AGGRESSIVE;
				CLANG_WARN_UNREACHABLE_CODE = YES;
				CLANG_WARN__DUPLICATE_METHOD_MATCH = YES;
				COPY_PHASE_STRIP = NO;
				DEBUG_INFORMATION_FORMAT = "dwarf-with-dsym";
				ENABLE_NS_ASSERTIONS = NO;
				ENABLE_STRICT_OBJC_MSGSEND = YES;
				GCC_C_LANGUAGE_STANDARD = gnu11;
				GCC_NO_COMMON_BLOCKS = YES;
				GCC_WARN_64_TO_32_BIT_CONVERSION = YES;
				GCC_WARN_ABOUT_RETURN_TYPE = YES_ERROR;
				GCC_WARN_UNDECLARED_SELECTOR = YES;
				GCC_WARN_UNINITIALIZED_AUTOS = YES_AGGRESSIVE;
				GCC_WARN_UNUSED_FUNCTION = YES;
				GCC_WARN_UNUSED_VARIABLE = YES;
				IPHONEOS_DEPLOYMENT_TARGET = 15.0;
				MTL_ENABLE_DEBUG_INFO = NO;
				MTL_FAST_MATH = YES;
				SDKROOT = iphoneos;
				SWIFT_COMPILATION_MODE = wholemodule;
				SWIFT_OPTIMIZATION_LEVEL = "-O";
				VALIDATE_PRODUCT = YES;
			};
			name = Release;
		};
		CEACDDD026CF87220053A9E1 /* Debug */ = {
			isa = XCBuildConfiguration;
			buildSettings = {
				ASSETCATALOG_COMPILER_APPICON_NAME = AppIcon;
				ASSETCATALOG_COMPILER_GLOBAL_ACCENT_COLOR_NAME = AccentColor;
				ASSETCATALOG_COMPILER_INCLUDE_ALL_APPICON_ASSETS = YES;
				CODE_SIGN_IDENTITY = "Apple Development";
				CODE_SIGN_STYLE = Automatic;
				DEVELOPMENT_ASSET_PATHS = "\"Pillme/Preview Content\"";
				DEVELOPMENT_TEAM = XHSHW99SQG;
				ENABLE_PREVIEWS = YES;
				INFOPLIST_FILE = Pillme/Info.plist;
				IPHONEOS_DEPLOYMENT_TARGET = 15.0;
				LD_RUNPATH_SEARCH_PATHS = (
					"$(inherited)",
					"@executable_path/Frameworks",
				);
				PRODUCT_BUNDLE_IDENTIFIER = YongtaeKwon.Pillme;
				PRODUCT_NAME = "$(TARGET_NAME)";
				PROVISIONING_PROFILE_SPECIFIER = "";
				SWIFT_VERSION = 5.0;
				TARGETED_DEVICE_FAMILY = "1,2";
			};
			name = Debug;
		};
		CEACDDD126CF87220053A9E1 /* Release */ = {
			isa = XCBuildConfiguration;
			buildSettings = {
				ASSETCATALOG_COMPILER_APPICON_NAME = AppIcon;
				ASSETCATALOG_COMPILER_GLOBAL_ACCENT_COLOR_NAME = AccentColor;
				ASSETCATALOG_COMPILER_INCLUDE_ALL_APPICON_ASSETS = YES;
				CODE_SIGN_IDENTITY = "Apple Development";
				CODE_SIGN_STYLE = Automatic;
				DEVELOPMENT_ASSET_PATHS = "\"Pillme/Preview Content\"";
				DEVELOPMENT_TEAM = XHSHW99SQG;
				ENABLE_PREVIEWS = YES;
				INFOPLIST_FILE = Pillme/Info.plist;
				IPHONEOS_DEPLOYMENT_TARGET = 15.0;
				LD_RUNPATH_SEARCH_PATHS = (
					"$(inherited)",
					"@executable_path/Frameworks",
				);
				PRODUCT_BUNDLE_IDENTIFIER = YongtaeKwon.Pillme;
				PRODUCT_NAME = "$(TARGET_NAME)";
				PROVISIONING_PROFILE_SPECIFIER = "";
				SWIFT_VERSION = 5.0;
				TARGETED_DEVICE_FAMILY = "1,2";
			};
			name = Release;
		};
		CEACDDD326CF87220053A9E1 /* Debug */ = {
			isa = XCBuildConfiguration;
			buildSettings = {
				ALWAYS_EMBED_SWIFT_STANDARD_LIBRARIES = YES;
				BUNDLE_LOADER = "$(TEST_HOST)";
				CODE_SIGN_STYLE = Automatic;
				DEVELOPMENT_TEAM = XHSHW99SQG;
				INFOPLIST_FILE = PillmeTests/Info.plist;
				IPHONEOS_DEPLOYMENT_TARGET = 15.0;
				LD_RUNPATH_SEARCH_PATHS = (
					"$(inherited)",
					"@executable_path/Frameworks",
					"@loader_path/Frameworks",
				);
				PRODUCT_BUNDLE_IDENTIFIER = YongtaeKwon.PillmeTests;
				PRODUCT_NAME = "$(TARGET_NAME)";
				SWIFT_VERSION = 5.0;
				TARGETED_DEVICE_FAMILY = "1,2";
				TEST_HOST = "$(BUILT_PRODUCTS_DIR)/Pillme.app/Pillme";
			};
			name = Debug;
		};
		CEACDDD426CF87220053A9E1 /* Release */ = {
			isa = XCBuildConfiguration;
			buildSettings = {
				ALWAYS_EMBED_SWIFT_STANDARD_LIBRARIES = YES;
				BUNDLE_LOADER = "$(TEST_HOST)";
				CODE_SIGN_STYLE = Automatic;
				DEVELOPMENT_TEAM = XHSHW99SQG;
				INFOPLIST_FILE = PillmeTests/Info.plist;
				IPHONEOS_DEPLOYMENT_TARGET = 15.0;
				LD_RUNPATH_SEARCH_PATHS = (
					"$(inherited)",
					"@executable_path/Frameworks",
					"@loader_path/Frameworks",
				);
				PRODUCT_BUNDLE_IDENTIFIER = YongtaeKwon.PillmeTests;
				PRODUCT_NAME = "$(TARGET_NAME)";
				SWIFT_VERSION = 5.0;
				TARGETED_DEVICE_FAMILY = "1,2";
				TEST_HOST = "$(BUILT_PRODUCTS_DIR)/Pillme.app/Pillme";
			};
			name = Release;
		};
		CEACDDD626CF87220053A9E1 /* Debug */ = {
			isa = XCBuildConfiguration;
			buildSettings = {
				ALWAYS_EMBED_SWIFT_STANDARD_LIBRARIES = YES;
				CODE_SIGN_STYLE = Automatic;
				DEVELOPMENT_TEAM = XHSHW99SQG;
				INFOPLIST_FILE = PillmeUITests/Info.plist;
				LD_RUNPATH_SEARCH_PATHS = (
					"$(inherited)",
					"@executable_path/Frameworks",
					"@loader_path/Frameworks",
				);
				PRODUCT_BUNDLE_IDENTIFIER = YongtaeKwon.PillmeUITests;
				PRODUCT_NAME = "$(TARGET_NAME)";
				SWIFT_VERSION = 5.0;
				TARGETED_DEVICE_FAMILY = "1,2";
				TEST_TARGET_NAME = Pillme;
			};
			name = Debug;
		};
		CEACDDD726CF87220053A9E1 /* Release */ = {
			isa = XCBuildConfiguration;
			buildSettings = {
				ALWAYS_EMBED_SWIFT_STANDARD_LIBRARIES = YES;
				CODE_SIGN_STYLE = Automatic;
				DEVELOPMENT_TEAM = XHSHW99SQG;
				INFOPLIST_FILE = PillmeUITests/Info.plist;
				LD_RUNPATH_SEARCH_PATHS = (
					"$(inherited)",
					"@executable_path/Frameworks",
					"@loader_path/Frameworks",
				);
				PRODUCT_BUNDLE_IDENTIFIER = YongtaeKwon.PillmeUITests;
				PRODUCT_NAME = "$(TARGET_NAME)";
				SWIFT_VERSION = 5.0;
				TARGETED_DEVICE_FAMILY = "1,2";
				TEST_TARGET_NAME = Pillme;
			};
			name = Release;
		};
/* End XCBuildConfiguration section */

/* Begin XCConfigurationList section */
		CEACDD9D26CF87200053A9E1 /* Build configuration list for PBXProject "Pillme" */ = {
			isa = XCConfigurationList;
			buildConfigurations = (
				CEACDDCD26CF87220053A9E1 /* Debug */,
				CEACDDCE26CF87220053A9E1 /* Release */,
			);
			defaultConfigurationIsVisible = 0;
			defaultConfigurationName = Release;
		};
		CEACDDCF26CF87220053A9E1 /* Build configuration list for PBXNativeTarget "Pillme" */ = {
			isa = XCConfigurationList;
			buildConfigurations = (
				CEACDDD026CF87220053A9E1 /* Debug */,
				CEACDDD126CF87220053A9E1 /* Release */,
			);
			defaultConfigurationIsVisible = 0;
			defaultConfigurationName = Release;
		};
		CEACDDD226CF87220053A9E1 /* Build configuration list for PBXNativeTarget "PillmeTests" */ = {
			isa = XCConfigurationList;
			buildConfigurations = (
				CEACDDD326CF87220053A9E1 /* Debug */,
				CEACDDD426CF87220053A9E1 /* Release */,
			);
			defaultConfigurationIsVisible = 0;
			defaultConfigurationName = Release;
		};
		CEACDDD526CF87220053A9E1 /* Build configuration list for PBXNativeTarget "PillmeUITests" */ = {
			isa = XCConfigurationList;
			buildConfigurations = (
				CEACDDD626CF87220053A9E1 /* Debug */,
				CEACDDD726CF87220053A9E1 /* Release */,
			);
			defaultConfigurationIsVisible = 0;
			defaultConfigurationName = Release;
		};
/* End XCConfigurationList section */

/* Begin XCVersionGroup section */
		CEACDDE026CF8A2F0053A9E1 /* Pill.xcdatamodeld */ = {
			isa = XCVersionGroup;
			children = (
				CEACDDE126CF8A2F0053A9E1 /* Pill.xcdatamodel */,
			);
			currentVersion = CEACDDE126CF8A2F0053A9E1 /* Pill.xcdatamodel */;
			path = Pill.xcdatamodeld;
			sourceTree = "<group>";
			versionGroupType = wrapper.xcdatamodel;
		};
/* End XCVersionGroup section */
	};
	rootObject = CEACDD9A26CF87200053A9E1 /* Project object */;
}
